Microsoft Visual Studio Solution File, Format Version 12.00
# Visual Studio Version 17
VisualStudioVersion = 17.5.2.0
MinimumVisualStudioVersion = 10.0.40219.1
Project("{FAE04EC0-301F-11D3-BF4B-00C04F79EFBC}") = "PantanalVaultAPI", "PantanalVaultAPI.csproj", "{4F295419-C16A-C383-6245-64D012EE8821}"
EndProject
Global
	GlobalSection(SolutionConfigurationPlatforms) = preSolution
		Debug|Any CPU = Debug|Any CPU
		Release|Any CPU = Release|Any CPU
	EndGlobalSection
	GlobalSection(ProjectConfigurationPlatforms) = postSolution
		{4F295419-C16A-C383-6245-64D012EE8821}.Debug|Any CPU.ActiveCfg = Debug|Any CPU
		{4F295419-C16A-C383-6245-64D012EE8821}.Debug|Any CPU.Build.0 = Debug|Any CPU
		{4F295419-C16A-C383-6245-64D012EE8821}.Release|Any CPU.ActiveCfg = Release|Any CPU
		{4F295419-C16A-C383-6245-64D012EE8821}.Release|Any CPU.Build.0 = Release|Any CPU
	EndGlobalSection
	GlobalSection(SolutionProperties) = preSolution
		HideSolutionNode = FALSE
	EndGlobalSection
	GlobalSection(ExtensibilityGlobals) = postSolution
		SolutionGuid = {3D4E8DAA-371E-41B8-845A-0902D4274609}
	EndGlobalSection
EndGlobal
